<?xml version="1.0" encoding="utf-8"?>
<Project ToolsVersion="4.0" xmlns="http://schemas.microsoft.com/developer/msbuild/2003">
  <ItemGroup>
    <Filter Include="Common">
      <UniqueIdentifier>{07ec504a-e7ff-462e-bb26-ed5ece98baf8}</UniqueIdentifier>
    </Filter>
    <Filter Include="Common\Engine">
      <UniqueIdentifier>{c17ea0a3-560e-42c8-beef-47fe305a82b5}</UniqueIdentifier>
    </Filter>
    <Filter Include="Common\Exporter">
      <UniqueIdentifier>{e60554f1-8821-46fa-aa69-33b0739e9ebd}</UniqueIdentifier>
    </Filter>
    <Filter Include="Common\Dialogs">
      <UniqueIdentifier>{ee86ae83-73ce-433e-aca8-2245786b6d3f}</UniqueIdentifier>
    </Filter>
    <Filter Include="Common\Projects">
      <UniqueIdentifier>{e9440f73-e4f2-4b69-afe6-57c3c25f663c}</UniqueIdentifier>
    </Filter>
    <Filter Include="Common\Logs">
      <UniqueIdentifier>{6389ed4d-09dd-48a5-8115-8467ff76c6f7}</UniqueIdentifier>
    </Filter>
  </ItemGroup>
  <ItemGroup>
    <ClCompile Include="..\Common\FreeImage_Ext.cpp">
      <Filter>Common</Filter>
    </ClCompile>
    <ClCompile Include="..\Common\Engine\PsMaths.cpp">
      <Filter>Common\Engine</Filter>
    </ClCompile>
    <ClCompile Include="..\Common\Engine\PsRender.cpp">
      <Filter>Common\Engine</Filter>
    </ClCompile>
    <ClCompile Include="..\Common\Engine\PsTexture.cpp">
      <Filter>Common\Engine</Filter>
    </ClCompile>
    <ClCompile Include="..\Common\Engine\PsTypes.cpp">
      <Filter>Common\Engine</Filter>
    </ClCompile>
    <ClCompile Include="..\Common\Exporter\PsFileTypes.cpp">
      <Filter>Common\Exporter</Filter>
    </ClCompile>
    <ClCompile Include="..\Common\Exporter\PsSoftRender.cpp">
      <Filter>Common\Exporter</Filter>
    </ClCompile>
    <ClCompile Include="..\Common\Dialogs\DialogOverviewCx.cpp">
      <Filter>Common\Dialogs</Filter>
    </ClCompile>
    <ClCompile Include="..\Common\Dialogs\DialogPatternCx.cpp">
      <Filter>Common\Dialogs</Filter>
    </ClCompile>
    <ClCompile Include="..\Common\Dialogs\PsDlgExportCx.cpp">
      <Filter>Common\Dialogs</Filter>
    </ClCompile>
    <ClCompile Include="..\Common\Dialogs\PsMessage.cpp">
      <Filter>Common\Dialogs</Filter>
    </ClCompile>
    <ClCompile Include="..\Common\Dialogs\PsWin.cpp">
      <Filter>Common\Dialogs</Filter>
    </ClCompile>
    <ClCompile Include="..\Common\Dialogs\PsWinProject.cpp">
      <Filter>Common\Dialogs</Filter>
    </ClCompile>
    <ClCompile Include="..\Common\Projects\PsImage.cpp">
      <Filter>Common\Projects</Filter>
    </ClCompile>
    <ClCompile Include="..\Common\Projects\PsLayer.cpp">
      <Filter>Common\Projects</Filter>
    </ClCompile>
    <ClCompile Include="..\Common\Projects\PsMatrix.cpp">
      <Filter>Common\Projects</Filter>
    </ClCompile>
    <ClCompile Include="..\Common\Projects\PsPattern.cpp">
      <Filter>Common\Projects</Filter>
    </ClCompile>
    <ClCompile Include="..\Common\Projects\PsProject.cpp">
      <Filter>Common\Projects</Filter>
    </ClCompile>
    <ClCompile Include="..\Common\Projects\PsShape.cpp">
      <Filter>Common\Projects</Filter>
    </ClCompile>
    <ClCompile Include="..\Common\Engine\PsController.cpp">
      <Filter>Common\Engine</Filter>
    </ClCompile>
    <ClCompile Include="..\Common\Projects\PsAction.cpp">
      <Filter>Common\Logs</Filter>
    </ClCompile>
  </ItemGroup>
  <ItemGroup>
    <ClInclude Include="..\Common\Engine\PsMaths.h">
      <Filter>Common\Engine</Filter>
    </ClInclude>
    <ClInclude Include="..\Common\Engine\PsRender.h">
      <Filter>Common\Engine</Filter>
    </ClInclude>
    <ClInclude Include="..\Common\Engine\PsTexture.h">
      <Filter>Common\Engine</Filter>
    </ClInclude>
    <ClInclude Include="..\Common\Engine\PsTypes.h">
      <Filter>Common\Engine</Filter>
    </ClInclude>
    <ClInclude Include="..\Common\Exporter\PsFileTypes.h">
      <Filter>Common\Exporter</Filter>
    </ClInclude>
    <ClInclude Include="..\Common\Exporter\PsSoftRender.h">
      <Filter>Common\Exporter</Filter>
    </ClInclude>
    <ClInclude Include="..\Common\Dialogs\DialogOverviewCx.h">
      <Filter>Common\Dialogs</Filter>
    </ClInclude>
    <ClInclude Include="..\Common\Dialogs\DialogPatternCx.h">
      <Filter>Common\Dialogs</Filter>
    </ClInclude>
    <ClInclude Include="..\Common\Dialogs\PsDlgExportCx.h">
      <Filter>Common\Dialogs</Filter>
    </ClInclude>
    <ClInclude Include="..\Common\Dialogs\PsMessage.h">
      <Filter>Common\Dialogs</Filter>
    </ClInclude>
    <ClInclude Include="..\Common\Dialogs\PsWin.h">
      <Filter>Common\Dialogs</Filter>
    </ClInclude>
    <ClInclude Include="..\Common\Dialogs\PsWinProject.h">
      <Filter>Common\Dialogs</Filter>
    </ClInclude>
    <ClInclude Include="..\Common\Engine\PsOpenGL.h">
      <Filter>Common\Engine</Filter>
    </ClInclude>
    <ClInclude Include="..\Common\Projects\PsImage.h">
      <Filter>Common\Projects</Filter>
    </ClInclude>
    <ClInclude Include="..\Common\Projects\PsLayer.h">
      <Filter>Common\Projects</Filter>
    </ClInclude>
    <ClInclude Include="..\Common\Projects\PsMatrix.h">
      <Filter>Common\Projects</Filter>
    </ClInclude>
    <ClInclude Include="..\Common\Projects\PsPattern.h">
      <Filter>Common\Projects</Filter>
    </ClInclude>
    <ClInclude Include="..\Common\Projects\PsProject.h">
      <Filter>Common\Projects</Filter>
    </ClInclude>
    <ClInclude Include="..\Common\Projects\PsShape.h">
      <Filter>Common\Projects</Filter>
    </ClInclude>
    <ClInclude Include="..\Common\Engine\PsController.h">
      <Filter>Common\Engine</Filter>
    </ClInclude>
    <ClInclude Include="..\Common\Projects\PsAction.h">
      <Filter>Common\Logs</Filter>
    </ClInclude>
  </ItemGroup>
  <ItemGroup>
    <None Include="ClassDiagram.cd" />
  </ItemGroup>
</Project>